{
  "name": "node-nlp-typescript",
  "version": "1.0.3",
  "lockfileVersion": 3,
  "requires": true,
  "packages": {
    "": {
      "name": "node-nlp-typescript",
      "version": "1.0.3",
      "license": "MIT",
      "dependencies": {
        "@nlpjs/builtin-duckling": "^4.26.1",
        "@nlpjs/builtin-microsoft": "^4.26.1",
        "@nlpjs/core-loader": "^4.26.1",
        "@nlpjs/emoji": "^4.26.1",
        "@nlpjs/evaluator": "^4.26.1",
        "@nlpjs/lang-all": "^4.26.1",
        "@nlpjs/language": "^4.25.0",
        "@nlpjs/neural": "^4.25.0",
        "@nlpjs/nlg": "^4.26.1",
        "@nlpjs/nlp": "^4.26.1",
        "@nlpjs/nlu": "^4.26.1",
        "@nlpjs/request": "^4.25.0",
        "@nlpjs/sentiment": "^4.26.1",
        "@nlpjs/similarity": "^4.26.1",
        "@nlpjs/xtables": "^4.25.0",
        "@types/node": "^18.15.11"
      },
      "devDependencies": {
        "tsup": "^6.7.0",
        "typescript": "^5.0.2"
      }
    },
    "node_modules/@esbuild/android-arm": {
      "version": "0.17.13",
      "resolved": "https://registry.npmjs.org/@esbuild/android-arm/-/android-arm-0.17.13.tgz",
      "integrity": "sha512-5tZZ/hLIfBmt7E8JsE5KbsknoAFmoElkg+A/gjyPtmSQvJjPf+9GsSJihid8VMa08lrsYyaEXOT9RLh3xXQONw==",
      "cpu": [
        "arm"
      ],
      "dev": true,
      "optional": true,
      "os": [
        "android"
      ],
      "engines": {
        "node": ">=12"
      }
    },
    "node_modules/@esbuild/android-arm64": {
      "version": "0.17.13",
      "resolved": "https://registry.npmjs.org/@esbuild/android-arm64/-/android-arm64-0.17.13.tgz",
      "integrity": "sha512-F5DgvJMV2ZEpLNpPCO7FEk1wy8O5tg6cikWSB6uvvncsgE1xgbPlm+Boio/4820C2/mj713X83X1h01v0qoeHg==",
      "cpu": [
        "arm64"
      ],
      "dev": true,
      "optional": true,
      "os": [
        "android"
      ],
      "engines": {
        "node": ">=12"
      }
    },
    "node_modules/@esbuild/android-x64": {
      "version": "0.17.13",
      "resolved": "https://registry.npmjs.org/@esbuild/android-x64/-/android-x64-0.17.13.tgz",
      "integrity": "sha512-5m1UUslzpfVrumG3m3Zv2x9VNAcvMOQWJy009y6jt10tcHpzIq2/b0I0k4fz0QYqGSNS1GteRIhVPN4H7OyCXg==",
      "cpu": [
        "x64"
      ],
      "dev": true,
      "optional": true,
      "os": [
        "android"
      ],
      "engines": {
        "node": ">=12"
      }
    },
    "node_modules/@esbuild/darwin-arm64": {
      "version": "0.17.13",
      "resolved": "https://registry.npmjs.org/@esbuild/darwin-arm64/-/darwin-arm64-0.17.13.tgz",
      "integrity": "sha512-TXbXp/05r7heRsG8yWwbHw9diay+wXIyRNcIHFoNARRIGahYbTW/qwJzE37zkfxLIUPHgR/SyLTUlnTICg14ag==",
      "cpu": [
        "arm64"
      ],
      "dev": true,
      "optional": true,
      "os": [
        "darwin"
      ],
      "engines": {
        "node": ">=12"
      }
    },
    "node_modules/@esbuild/darwin-x64": {
      "version": "0.17.13",
      "resolved": "https://registry.npmjs.org/@esbuild/darwin-x64/-/darwin-x64-0.17.13.tgz",
      "integrity": "sha512-Ku9Db2sblCxFvQdEO7X9nBaLR/S81uch81e2Q2+Os5z1NcnsFjuqhIYH0Gm6KNNpIKaEbC7gCLbiIPbLLMX4Pg==",
      "cpu": [
        "x64"
      ],
      "dev": true,
      "optional": true,
      "os": [
        "darwin"
      ],
      "engines": {
        "node": ">=12"
      }
    },
    "node_modules/@esbuild/freebsd-arm64": {
      "version": "0.17.13",
      "resolved": "https://registry.npmjs.org/@esbuild/freebsd-arm64/-/freebsd-arm64-0.17.13.tgz",
      "integrity": "sha512-t1T5/nIf2j+FdSf1Fa3dcU0cXycr0nK4xJe52qjWa+1I249mM5NBY1ODjiabZxZ0x3CG05y4fd9bxfDLy9kQtA==",
      "cpu": [
        "arm64"
      ],
      "dev": true,
      "optional": true,
      "os": [
        "freebsd"
      ],
      "engines": {
        "node": ">=12"
      }
    },
    "node_modules/@esbuild/freebsd-x64": {
      "version": "0.17.13",
      "resolved": "https://registry.npmjs.org/@esbuild/freebsd-x64/-/freebsd-x64-0.17.13.tgz",
      "integrity": "sha512-/zbkgEO4gY2qGZr9UNAGI38w/FwUY4bx4EC88k9VeiCKNr3ukNgwH/oIgB5Z9/OqpkNLlcS4w9e2d/MIiy5fbw==",
      "cpu": [
        "x64"
      ],
      "dev": true,
      "optional": true,
      "os": [
        "freebsd"
      ],
      "engines": {
        "node": ">=12"
      }
    },
    "node_modules/@esbuild/linux-arm": {
      "version": "0.17.13",
      "resolved": "https://registry.npmjs.org/@esbuild/linux-arm/-/linux-arm-0.17.13.tgz",
      "integrity": "sha512-RrhjzrCF6aCDH248nUAQoldnRmN7nHMxv85GOj5AH+qkxxYvcig7fnUmgANngntRu4btXhN9WKHMgQ5seERDMw==",
      "cpu": [
        "arm"
      ],
      "dev": true,
      "optional": true,
      "os": [
        "linux"
      ],
      "engines": {
        "node": ">=12"
      }
    },
    "node_modules/@esbuild/linux-arm64": {
      "version": "0.17.13",
      "resolved": "https://registry.npmjs.org/@esbuild/linux-arm64/-/linux-arm64-0.17.13.tgz",
      "integrity": "sha512-siu3QZrQ7eGrSttvFaRKyjT7kNRbUuHEKzCCyqRh19MbpGokGY13jbIsBEjx6JmH3T50hds325oweS9Ey2ihAQ==",
      "cpu": [
        "arm64"
      ],
      "dev": true,
      "optional": true,
      "os": [
        "linux"
      ],
      "engines": {
        "node": ">=12"
      }
    },
    "node_modules/@esbuild/linux-ia32": {
      "version": "0.17.13",
      "resolved": "https://registry.npmjs.org/@esbuild/linux-ia32/-/linux-ia32-0.17.13.tgz",
      "integrity": "sha512-ADHA1PqP5gIegehVP0RvxMmNPxpLgetI8QCwYOjUheGXKIKWSdUN8ZS3rusQv3NGZmFCpYdMZzFoI0QtzzGAdw==",
      "cpu": [
        "ia32"
      ],
      "dev": true,
      "optional": true,
      "os": [
        "linux"
      ],
      "engines": {
        "node": ">=12"
      }
    },
    "node_modules/@esbuild/linux-loong64": {
      "version": "0.17.13",
      "resolved": "https://registry.npmjs.org/@esbuild/linux-loong64/-/linux-loong64-0.17.13.tgz",
      "integrity": "sha512-n1JQPxETmR0brkpWlJHeohReEPLH+m00bnJdNnFyHN3zLBt1QypevuZSmnmFWsC+7r7HTwWILj3lBDjtPH3ydg==",
      "cpu": [
        "loong64"
      ],
      "dev": true,
      "optional": true,
      "os": [
        "linux"
      ],
      "engines": {
        "node": ">=12"
      }
    },
    "node_modules/@esbuild/linux-mips64el": {
      "version": "0.17.13",
      "resolved": "https://registry.npmjs.org/@esbuild/linux-mips64el/-/linux-mips64el-0.17.13.tgz",
      "integrity": "sha512-d0pnD/j5KKQ43xtSIvOD+wNIy6D/Vh9GbX